# This file is automatically @generated by Cargo.
# It is not intended for manual editing.
[[package]]
name = "aoc12"
version = "0.1.0"
dependencies = [
 "vecmath",
]

[[package]]
name = "piston-float"
version = "1.0.0"
source = "registry+https://github.com/rust-lang/crates.io-index"
checksum = "f900be47e312e126cc71d35548e8e31edd3901b92ab82d1c4c4757e6b5526564"

[[package]]
name = "vecmath"
version = "1.0.0"
source = "registry+https://github.com/rust-lang/crates.io-index"
checksum = "956ae1e0d85bca567dee1dcf87fb1ca2e792792f66f87dced8381f99cd91156a"
dependencies = [
 "piston-float",
]
